
Microsoft Visual Studio Solution File, Format Version 12.00
# Visual Studio 15
VisualStudioVersion = 15.0.28307.1300
MinimumVisualStudioVersion = 10.0.40219.1
Project("{8BC9CEB8-8B4A-11D0-8D11-00A0C91BC942}") = "FixEd", "FixEd\FixEd.vcxproj", "{F2D736ED-E51B-4995-B7F9-E412DE9A6160}"
EndProject
Global
	GlobalSection(SolutionConfigurationPlatforms) = preSolution
		Debug|x64 = Debug|x64
		Debug|x86 = Debug|x86
		Release|x64 = Release|x64
		Release|x86 = Release|x86
	EndGlobalSection
	GlobalSection(ProjectConfigurationPlatforms) = postSolution
		{F2D736ED-E51B-4995-B7F9-E412DE9A6160}.Debug|x64.ActiveCfg = Debug|x64
		{F2D736ED-E51B-4995-B7F9-E412DE9A6160}.Debug|x64.Build.0 = Debug|x64
		{F2D736ED-E51B-4995-B7F9-E412DE9A6160}.Debug|x86.ActiveCfg = Debug|Win32
		{F2D736ED-E51B-4995-B7F9-E412DE9A6160}.Debug|x86.Build.0 = Debug|Win32
		{F2D736ED-E51B-4995-B7F9-E412DE9A6160}.Release|x64.ActiveCfg = Release|x64
		{F2D736ED-E51B-4995-B7F9-E412DE9A6160}.Release|x64.Build.0 = Release|x64
		{F2D736ED-E51B-4995-B7F9-E412DE9A6160}.Release|x86.ActiveCfg = Release|Win32
		{F2D736ED-E51B-4995-B7F9-E412DE9A6160}.Release|x86.Build.0 = Release|Win32
	EndGlobalSection
	GlobalSection(SolutionProperties) = preSolution
		HideSolutionNode = FALSE
	EndGlobalSection
	GlobalSection(ExtensibilityGlobals) = postSolution
		SolutionGuid = {D3B6A442-84E6-48E9-BFA2-5C94045C64C3}
	EndGlobalSection
EndGlobal
